
Microsoft Visual Studio Solution File, Format Version 12.00
# Visual Studio Version 16
VisualStudioVersion = 16.0.31702.278
MinimumVisualStudioVersion = 10.0.40219.1
Project("{9092AA53-FB77-4645-B42D-1CCCA6BD08BD}") = "Server3000proj", "Server3000proj\Server3000proj.njsproj", "{60CBC30A-01C3-44D3-9AF6-4DFD545A803A}"
EndProject
Global
	GlobalSection(SolutionConfigurationPlatforms) = preSolution
		Debug|Any CPU = Debug|Any CPU
		Release|Any CPU = Release|Any CPU
	EndGlobalSection
	GlobalSection(ProjectConfigurationPlatforms) = postSolution
		{60CBC30A-01C3-44D3-9AF6-4DFD545A803A}.Debug|Any CPU.ActiveCfg = Debug|Any CPU
		{60CBC30A-01C3-44D3-9AF6-4DFD545A803A}.Debug|Any CPU.Build.0 = Debug|Any CPU
		{60CBC30A-01C3-44D3-9AF6-4DFD545A803A}.Release|Any CPU.ActiveCfg = Release|Any CPU
		{60CBC30A-01C3-44D3-9AF6-4DFD545A803A}.Release|Any CPU.Build.0 = Release|Any CPU
	EndGlobalSection
	GlobalSection(SolutionProperties) = preSolution
		HideSolutionNode = FALSE
	EndGlobalSection
	GlobalSection(ExtensibilityGlobals) = postSolution
		SolutionGuid = {2ABACF5D-6DD7-4246-9FED-B5BF2317D987}
	EndGlobalSection
EndGlobal
